<?xml version="1.0" encoding="utf-8"?>
<Project ToolsVersion="4.0" xmlns="http://schemas.microsoft.com/developer/msbuild/2003">
  <ItemGroup>
    <Filter Include="GameObjects">
      <UniqueIdentifier>{9addb561-0cda-4215-b46d-b07093c344be}</UniqueIdentifier>
    </Filter>
    <Filter Include="GameObjects\Player">
      <UniqueIdentifier>{113a1fd6-54ed-4dee-883e-a2a078e00d1f}</UniqueIdentifier>
    </Filter>
    <Filter Include="GameObjects\Pickups">
      <UniqueIdentifier>{b495ae82-c109-4aaa-a141-0e377cdd2c25}</UniqueIdentifier>
    </Filter>
    <Filter Include="GameObjects\Enemies">
      <UniqueIdentifier>{cc84074f-9c3a-40ef-b8fe-b75bfa17ba28}</UniqueIdentifier>
    </Filter>
    <Filter Include="GameObjects\Blocks">
      <UniqueIdentifier>{75ed952a-3fe5-4c6a-8e9a-64b3a2a33e67}</UniqueIdentifier>
    </Filter>
    <Filter Include="GameObjects\Enemies\Goomba">
      <UniqueIdentifier>{2062ccfa-d903-43b7-8cdb-c9701d99297f}</UniqueIdentifier>
    </Filter>
    <Filter Include="GameObjects\Enemies\Koopas">
      <UniqueIdentifier>{812aa050-2092-48ef-9501-96483e1274cc}</UniqueIdentifier>
    </Filter>
    <Filter Include="GameObjects\Blocks\Brick">
      <UniqueIdentifier>{9b27ff2d-2caa-44f4-aa30-db71b6ef4f3c}</UniqueIdentifier>
    </Filter>
    <Filter Include="GameObjects\Blocks\Portal">
      <UniqueIdentifier>{6b36813d-188c-4974-bc25-c243bd6501ef}</UniqueIdentifier>
    </Filter>
    <Filter Include="Utils">
      <UniqueIdentifier>{d5491f45-5f61-44b3-8e1c-a64144245573}</UniqueIdentifier>
    </Filter>
    <Filter Include="KeyHandler">
      <UniqueIdentifier>{564394f2-8d51-42fe-87c7-c67fc98e4286}</UniqueIdentifier>
    </Filter>
    <Filter Include="Camera">
      <UniqueIdentifier>{77be2d97-d01b-4044-849a-52c2b9373d1c}</UniqueIdentifier>
    </Filter>
    <Filter Include="Map">
      <UniqueIdentifier>{d1762661-5e80-4e2e-8327-f6c4f205cff4}</UniqueIdentifier>
    </Filter>
    <Filter Include="Map\TileSet">
      <UniqueIdentifier>{42e04e2b-faba-44aa-8d7e-e20d84c75999}</UniqueIdentifier>
    </Filter>
    <Filter Include="Graphics">
      <UniqueIdentifier>{a134e526-baab-4502-94c8-f0ea4a49a016}</UniqueIdentifier>
    </Filter>
    <Filter Include="Graphics\Sprites">
      <UniqueIdentifier>{3c3989f2-7ea3-476e-a9bd-412d8625c363}</UniqueIdentifier>
    </Filter>
    <Filter Include="Graphics\Animations">
      <UniqueIdentifier>{35a47d9a-17b8-49c9-a3c5-5c807a45d38a}</UniqueIdentifier>
    </Filter>
    <Filter Include="Graphics\Textures">
      <UniqueIdentifier>{8310b88c-9a9b-48c1-990c-61cdc74e27c0}</UniqueIdentifier>
    </Filter>
    <Filter Include="Map\TileMap">
      <UniqueIdentifier>{a1888dc2-21f7-490c-a05c-aaa54edbd2d7}</UniqueIdentifier>
    </Filter>
    <Filter Include="tinyXML">
      <UniqueIdentifier>{7cc15f94-7666-4201-b0ac-d06ad9e38f87}</UniqueIdentifier>
    </Filter>
    <Filter Include="GameObjects\Player\StateMachine">
      <UniqueIdentifier>{d25bd30a-66ef-42ae-b4d2-cf00d9669995}</UniqueIdentifier>
    </Filter>
    <Filter Include="GameObjects\Player\StateMachine\PlayerFSM">
      <UniqueIdentifier>{2accd24b-1dad-4f1a-969c-bccf279a59d2}</UniqueIdentifier>
    </Filter>
    <Filter Include="GameObjects\Player\MarioLevel">
      <UniqueIdentifier>{59ca8066-0e29-445c-9d7a-f16c772d7a57}</UniqueIdentifier>
    </Filter>
    <Filter Include="GameObjects\Player\MarioLevel\MarioLevel">
      <UniqueIdentifier>{a619230d-fa0f-4b01-b2fa-0f3469a6f59f}</UniqueIdentifier>
    </Filter>
    <Filter Include="Scenes">
      <UniqueIdentifier>{7b01ff3e-bd13-46c0-b37f-6384af5529f6}</UniqueIdentifier>
    </Filter>
    <Filter Include="Scenes\Scenes">
      <UniqueIdentifier>{de41f081-af08-406a-b888-71ec3edfdb1b}</UniqueIdentifier>
    </Filter>
    <Filter Include="GameObjects\Blocks\GhostPlatform">
      <UniqueIdentifier>{27ed9ab0-0f83-45c5-a939-fcba9c5374b6}</UniqueIdentifier>
    </Filter>
    <Filter Include="GameObjects\Blocks\QuestionBlock">
      <UniqueIdentifier>{cbf629f7-abd0-4f6e-9cbe-849580f465b5}</UniqueIdentifier>
    </Filter>
    <Filter Include="GameObjects\Blocks\DeadBlock">
      <UniqueIdentifier>{c5bcc84f-a80b-4432-87d8-38e4823961a4}</UniqueIdentifier>
    </Filter>
    <Filter Include="GameObjects\Blocks\Ground">
      <UniqueIdentifier>{6bb2cd9a-b7ec-4b55-9a5f-b327dc2c5670}</UniqueIdentifier>
    </Filter>
    <Filter Include="GameObjects\Enemies\FireShootingPlant">
      <UniqueIdentifier>{33e35312-4210-40a3-9617-275c021ebff1}</UniqueIdentifier>
    </Filter>
    <Filter Include="GameObjects\Enemies\EatingPlant">
      <UniqueIdentifier>{e45b9b27-71e3-40a5-bebd-5448539fe3a7}</UniqueIdentifier>
    </Filter>
    <Filter Include="GameObjects\Blocks\Warp">
      <UniqueIdentifier>{ffa9ad44-a7a9-404b-93f6-bf7d287d6b03}</UniqueIdentifier>
    </Filter>
    <Filter Include="HUD">
      <UniqueIdentifier>{44d90460-4719-4d40-b03d-1587a24c3343}</UniqueIdentifier>
    </Filter>
    <Filter Include="GameObjects\Player\MarioProjectile">
      <UniqueIdentifier>{eec19655-f0fc-49c5-bad9-94761bcbe53d}</UniqueIdentifier>
    </Filter>
    <Filter Include="GameObjects\WorldMapObj">
      <UniqueIdentifier>{c4b53696-3d7e-4550-8326-f4696e6ee551}</UniqueIdentifier>
    </Filter>
    <Filter Include="GameObjects\Blocks\MusicNode">
      <UniqueIdentifier>{6347a8ea-7839-430a-bbe4-c0a427d3b625}</UniqueIdentifier>
    </Filter>
    <Filter Include="Pipe">
      <UniqueIdentifier>{2cc8c219-e009-416b-b618-6e6b0080402e}</UniqueIdentifier>
    </Filter>
    <Filter Include="GameObjects\Blocks\Pipe">
      <UniqueIdentifier>{77a0dc29-a312-4eae-b584-cd4696614a2b}</UniqueIdentifier>
    </Filter>
  </ItemGroup>
  <ItemGroup>
    <ClCompile Include="GameObject.cpp">
      <Filter>GameObjects</Filter>
    </ClCompile>
    <ClCompile Include="Mario.cpp">
      <Filter>GameObjects\Player</Filter>
    </ClCompile>
    <ClCompile Include="Goomba.cpp">
      <Filter>GameObjects\Enemies\Goomba</Filter>
    </ClCompile>
    <ClCompile Include="Koopas.cpp">
      <Filter>GameObjects\Enemies\Koopas</Filter>
    </ClCompile>
    <ClCompile Include="Brick.cpp">
      <Filter>GameObjects\Blocks\Brick</Filter>
    </ClCompile>
    <ClCompile Include="Portal.cpp">
      <Filter>GameObjects\Blocks\Portal</Filter>
    </ClCompile>
    <ClCompile Include="Utils.cpp">
      <Filter>Utils</Filter>
    </ClCompile>
    <ClCompile Include="Scence.cpp">
      <Filter>Scenes</Filter>
    </ClCompile>
    <ClCompile Include="Game.cpp" />
    <ClCompile Include="KeyHanler.cpp">
      <Filter>KeyHandler</Filter>
    </ClCompile>
    <ClCompile Include="Camera.cpp">
      <Filter>Camera</Filter>
    </ClCompile>
    <ClCompile Include="Sprites.cpp">
      <Filter>Graphics\Sprites</Filter>
    </ClCompile>
    <ClCompile Include="AniMaganer.cpp">
      <Filter>Graphics\Animations</Filter>
    </ClCompile>
    <ClCompile Include="Animations.cpp">
      <Filter>Graphics\Animations</Filter>
    </ClCompile>
    <ClCompile Include="Textures.cpp">
      <Filter>Graphics\Textures</Filter>
    </ClCompile>
    <ClCompile Include="TileSet.cpp">
      <Filter>Map\TileSet</Filter>
    </ClCompile>
    <ClCompile Include="TileMap.cpp">
      <Filter>Map\TileMap</Filter>
    </ClCompile>
    <ClCompile Include="tinyXML\tinyxml\tinystr.cpp">
      <Filter>tinyXML</Filter>
    </ClCompile>
    <ClCompile Include="tinyXML\tinyxml\tinyxml.cpp">
      <Filter>tinyXML</Filter>
    </ClCompile>
    <ClCompile Include="tinyXML\tinyxml\tinyxmlerror.cpp">
      <Filter>tinyXML</Filter>
    </ClCompile>
    <ClCompile Include="tinyXML\tinyxml\tinyxmlparser.cpp">
      <Filter>tinyXML</Filter>
    </ClCompile>
    <ClCompile Include="Map.cpp">
      <Filter>Map</Filter>
    </ClCompile>
    <ClCompile Include="PlayerStateIdle.cpp">
      <Filter>GameObjects\Player\StateMachine\PlayerFSM</Filter>
    </ClCompile>
    <ClCompile Include="PlayerStateWalk.cpp">
      <Filter>GameObjects\Player\StateMachine\PlayerFSM</Filter>
    </ClCompile>
    <ClCompile Include="PlayerStateRun.cpp">
      <Filter>GameObjects\Player\StateMachine\PlayerFSM</Filter>
    </ClCompile>
    <ClCompile Include="Ground.cpp">
      <Filter>GameObjects\Blocks\Ground</Filter>
    </ClCompile>
    <ClCompile Include="MarioLevelSmall.cpp">
      <Filter>GameObjects\Player\MarioLevel\MarioLevel</Filter>
    </ClCompile>
    <ClCompile Include="MarioLevelBig.cpp">
      <Filter>GameObjects\Player\MarioLevel\MarioLevel</Filter>
    </ClCompile>
    <ClCompile Include="MarioLevelFire.cpp">
      <Filter>GameObjects\Player\MarioLevel\MarioLevel</Filter>
    </ClCompile>
    <ClCompile Include="PlayerStateJump.cpp">
      <Filter>GameObjects\Player\StateMachine\PlayerFSM</Filter>
    </ClCompile>
    <ClCompile Include="PlayerStateFall.cpp">
      <Filter>GameObjects\Player\StateMachine\PlayerFSM</Filter>
    </ClCompile>
    <ClCompile Include="MarioLevelRaccoon.cpp">
      <Filter>GameObjects\Player\MarioLevel\MarioLevel</Filter>
    </ClCompile>
    <ClCompile Include="PlayerStateFly.cpp">
      <Filter>GameObjects\Player\StateMachine\PlayerFSM</Filter>
    </ClCompile>
    <ClCompile Include="PlayerStateSlowFall.cpp">
      <Filter>GameObjects\Player\StateMachine\PlayerFSM</Filter>
    </ClCompile>
    <ClCompile Include="PlayerStateAttack.cpp">
      <Filter>GameObjects\Player\StateMachine\PlayerFSM</Filter>
    </ClCompile>
    <ClCompile Include="PlayScence.cpp">
      <Filter>Scenes\Scenes</Filter>
    </ClCompile>
    <ClCompile Include="PlayerStateCrouch.cpp">
      <Filter>GameObjects\Player\StateMachine\PlayerFSM</Filter>
    </ClCompile>
    <ClCompile Include="GhostPlatform.cpp">
      <Filter>GameObjects\Blocks\GhostPlatform</Filter>
    </ClCompile>
    <ClCompile Include="QuestionBlock.cpp">
      <Filter>GameObjects\Blocks\QuestionBlock</Filter>
    </ClCompile>
    <ClCompile Include="Deadblock.cpp">
      <Filter>GameObjects\Blocks\DeadBlock</Filter>
    </ClCompile>
    <ClCompile Include="GreenFireShootingPlant.cpp">
      <Filter>GameObjects\Enemies\FireShootingPlant</Filter>
    </ClCompile>
    <ClCompile Include="RedFireShootingPlant.cpp">
      <Filter>GameObjects\Enemies\FireShootingPlant</Filter>
    </ClCompile>
    <ClCompile Include="GreenEatingPlant.cpp">
      <Filter>GameObjects\Enemies\EatingPlant</Filter>
    </ClCompile>
    <ClCompile Include="PlantFireBall.cpp">
      <Filter>GameObjects\Enemies\FireShootingPlant</Filter>
    </ClCompile>
    <ClCompile Include="Warp.cpp">
      <Filter>GameObjects\Blocks\Warp</Filter>
    </ClCompile>
    <ClCompile Include="PlayerStateWarp.cpp">
      <Filter>GameObjects\Player\StateMachine\PlayerFSM</Filter>
    </ClCompile>
    <ClCompile Include="PSPortal.cpp">
      <Filter>GameObjects\Blocks\Portal</Filter>
    </ClCompile>
    <ClCompile Include="HUD.cpp">
      <Filter>HUD</Filter>
    </ClCompile>
    <ClCompile Include="GlobalVariables.cpp" />
    <ClCompile Include="BrickQBlock.cpp">
      <Filter>GameObjects\Blocks\QuestionBlock</Filter>
    </ClCompile>
    <ClCompile Include="SceneMaganer.cpp">
      <Filter>Scenes</Filter>
    </ClCompile>
    <ClCompile Include="WorldMapScene.cpp">
      <Filter>Scenes\Scenes</Filter>
    </ClCompile>
    <ClCompile Include="MarioFireBall.cpp">
      <Filter>GameObjects\Player\MarioProjectile</Filter>
    </ClCompile>
    <ClCompile Include="MarioRaccoonTail.cpp">
      <Filter>GameObjects\Player\MarioProjectile</Filter>
    </ClCompile>
    <ClCompile Include="Bush.cpp">
      <Filter>GameObjects\WorldMapObj</Filter>
    </ClCompile>
    <ClCompile Include="NodeMap.cpp">
      <Filter>GameObjects\WorldMapObj</Filter>
    </ClCompile>
    <ClCompile Include="WorldMapMario.cpp">
      <Filter>GameObjects\WorldMapObj</Filter>
    </ClCompile>
    <ClCompile Include="Node.cpp">
      <Filter>GameObjects\WorldMapObj</Filter>
    </ClCompile>
    <ClCompile Include="IntroScene.cpp">
      <Filter>Scenes\Scenes</Filter>
    </ClCompile>
    <ClCompile Include="Curtain.cpp">
      <Filter>GameObjects\WorldMapObj</Filter>
    </ClCompile>
    <ClCompile Include="RedKoopas.cpp">
      <Filter>GameObjects\Enemies\Koopas</Filter>
    </ClCompile>
    <ClCompile Include="GreenMushroom.cpp">
      <Filter>GameObjects\Pickups</Filter>
    </ClCompile>
    <ClCompile Include="Coin.cpp">
      <Filter>GameObjects\Pickups</Filter>
    </ClCompile>
    <ClCompile Include="RedMushroom.cpp">
      <Filter>GameObjects\Pickups</Filter>
    </ClCompile>
    <ClCompile Include="Leaf.cpp">
      <Filter>GameObjects\Pickups</Filter>
    </ClCompile>
    <ClCompile Include="PButton.cpp">
      <Filter>GameObjects\Pickups</Filter>
    </ClCompile>
    <ClCompile Include="EndGameReward.cpp">
      <Filter>GameObjects\Pickups</Filter>
    </ClCompile>
    <ClCompile Include="Flower.cpp">
      <Filter>GameObjects\Pickups</Filter>
    </ClCompile>
    <ClCompile Include="MusicNode.cpp">
      <Filter>GameObjects\Blocks\MusicNode</Filter>
    </ClCompile>
    <ClCompile Include="RedMusicNode.cpp">
      <Filter>GameObjects\Blocks\MusicNode</Filter>
    </ClCompile>
    <ClCompile Include="PlayerStateWarpJump.cpp">
      <Filter>GameObjects\Player\StateMachine\PlayerFSM</Filter>
    </ClCompile>
    <ClCompile Include="PlayerStateEndGame.cpp">
      <Filter>GameObjects\Player\StateMachine\PlayerFSM</Filter>
    </ClCompile>
    <ClCompile Include="PlayerStateDead.cpp">
      <Filter>GameObjects\Player\StateMachine\PlayerFSM</Filter>
    </ClCompile>
    <ClCompile Include="ParaGoomba.cpp">
      <Filter>GameObjects\Enemies\Goomba</Filter>
    </ClCompile>
    <ClCompile Include="FlyKoopas.cpp">
      <Filter>GameObjects\Enemies\Koopas</Filter>
    </ClCompile>
    <ClCompile Include="main.cpp" />
    <ClCompile Include="Pipe.cpp">
      <Filter>GameObjects\Blocks\Pipe</Filter>
    </ClCompile>
  </ItemGroup>
  <ItemGroup>
    <ClInclude Include="GameObject.h">
      <Filter>GameObjects</Filter>
    </ClInclude>
    <ClInclude Include="Mario.h">
      <Filter>GameObjects\Player</Filter>
    </ClInclude>
    <ClInclude Include="Goomba.h">
      <Filter>GameObjects\Enemies\Goomba</Filter>
    </ClInclude>
    <ClInclude Include="Koopas.h">
      <Filter>GameObjects\Enemies\Koopas</Filter>
    </ClInclude>
    <ClInclude Include="Brick.h">
      <Filter>GameObjects\Blocks\Brick</Filter>
    </ClInclude>
    <ClInclude Include="Portal.h">
      <Filter>GameObjects\Blocks\Portal</Filter>
    </ClInclude>
    <ClInclude Include="Utils.h">
      <Filter>Utils</Filter>
    </ClInclude>
    <ClInclude Include="Scence.h">
      <Filter>Scenes</Filter>
    </ClInclude>
    <ClInclude Include="Game.h" />
    <ClInclude Include="KeyHanler.h">
      <Filter>KeyHandler</Filter>
    </ClInclude>
    <ClInclude Include="Camera.h">
      <Filter>Camera</Filter>
    </ClInclude>
    <ClInclude Include="Sprites.h">
      <Filter>Graphics\Sprites</Filter>
    </ClInclude>
    <ClInclude Include="AniMaganer.h">
      <Filter>Graphics\Animations</Filter>
    </ClInclude>
    <ClInclude Include="Animations.h">
      <Filter>Graphics\Animations</Filter>
    </ClInclude>
    <ClInclude Include="defineAni.h">
      <Filter>Graphics\Animations</Filter>
    </ClInclude>
    <ClInclude Include="Textures.h">
      <Filter>Graphics\Textures</Filter>
    </ClInclude>
    <ClInclude Include="TileSet.h">
      <Filter>Map\TileSet</Filter>
    </ClInclude>
    <ClInclude Include="TileMap.h">
      <Filter>Map\TileMap</Filter>
    </ClInclude>
    <ClInclude Include="tinyXML\tinyxml\tinystr.h">
      <Filter>tinyXML</Filter>
    </ClInclude>
    <ClInclude Include="tinyXML\tinyxml\tinyxml.h">
      <Filter>tinyXML</Filter>
    </ClInclude>
    <ClInclude Include="Map.h">
      <Filter>Map</Filter>
    </ClInclude>
    <ClInclude Include="PlayerState.h">
      <Filter>GameObjects\Player\StateMachine</Filter>
    </ClInclude>
    <ClInclude Include="PlayerStateIdle.h">
      <Filter>GameObjects\Player\StateMachine\PlayerFSM</Filter>
    </ClInclude>
    <ClInclude Include="PlayerStateWalk.h">
      <Filter>GameObjects\Player\StateMachine\PlayerFSM</Filter>
    </ClInclude>
    <ClInclude Include="PlayerStateRun.h">
      <Filter>GameObjects\Player\StateMachine\PlayerFSM</Filter>
    </ClInclude>
    <ClInclude Include="Ground.h">
      <Filter>GameObjects\Blocks\Ground</Filter>
    </ClInclude>
    <ClInclude Include="defineMario.h">
      <Filter>GameObjects\Player</Filter>
    </ClInclude>
    <ClInclude Include="MarioLevel.h">
      <Filter>GameObjects\Player\MarioLevel</Filter>
    </ClInclude>
    <ClInclude Include="MarioLevelSmall.h">
      <Filter>GameObjects\Player\MarioLevel\MarioLevel</Filter>
    </ClInclude>
    <ClInclude Include="MarioLevelBig.h">
      <Filter>GameObjects\Player\MarioLevel\MarioLevel</Filter>
    </ClInclude>
    <ClInclude Include="MarioLevelFire.h">
      <Filter>GameObjects\Player\MarioLevel\MarioLevel</Filter>
    </ClInclude>
    <ClInclude Include="PlayerStateJump.h">
      <Filter>GameObjects\Player\StateMachine\PlayerFSM</Filter>
    </ClInclude>
    <ClInclude Include="PlayerStateFall.h">
      <Filter>GameObjects\Player\StateMachine\PlayerFSM</Filter>
    </ClInclude>
    <ClInclude Include="MarioLevelRaccoon.h">
      <Filter>GameObjects\Player\MarioLevel\MarioLevel</Filter>
    </ClInclude>
    <ClInclude Include="PlayerStateFly.h">
      <Filter>GameObjects\Player\StateMachine\PlayerFSM</Filter>
    </ClInclude>
    <ClInclude Include="PlayerStateSlowFall.h">
      <Filter>GameObjects\Player\StateMachine\PlayerFSM</Filter>
    </ClInclude>
    <ClInclude Include="PlayerStateAttack.h">
      <Filter>GameObjects\Player\StateMachine\PlayerFSM</Filter>
    </ClInclude>
    <ClInclude Include="PlayerStateCrouch.h">
      <Filter>GameObjects\Player\StateMachine\PlayerFSM</Filter>
    </ClInclude>
    <ClInclude Include="GhostPlatform.h">
      <Filter>GameObjects\Blocks\GhostPlatform</Filter>
    </ClInclude>
    <ClInclude Include="QuestionBlock.h">
      <Filter>GameObjects\Blocks\QuestionBlock</Filter>
    </ClInclude>
    <ClInclude Include="Deadblock.h">
      <Filter>GameObjects\Blocks\DeadBlock</Filter>
    </ClInclude>
    <ClInclude Include="GreenFireShootingPlant.h">
      <Filter>GameObjects\Enemies\FireShootingPlant</Filter>
    </ClInclude>
    <ClInclude Include="RedFireShootingPlant.h">
      <Filter>GameObjects\Enemies\FireShootingPlant</Filter>
    </ClInclude>
    <ClInclude Include="GreenEatingPlant.h">
      <Filter>GameObjects\Enemies\EatingPlant</Filter>
    </ClInclude>
    <ClInclude Include="PlantFireBall.h">
      <Filter>GameObjects\Enemies\FireShootingPlant</Filter>
    </ClInclude>
    <ClInclude Include="Warp.h">
      <Filter>GameObjects\Blocks\Warp</Filter>
    </ClInclude>
    <ClInclude Include="PlayerStateWarp.h">
      <Filter>GameObjects\Player\StateMachine\PlayerFSM</Filter>
    </ClInclude>
    <ClInclude Include="PSPortal.h">
      <Filter>GameObjects\Blocks\Portal</Filter>
    </ClInclude>
    <ClInclude Include="HUD.h">
      <Filter>HUD</Filter>
    </ClInclude>
    <ClInclude Include="GlobalVariables.h" />
    <ClInclude Include="BrickQBlock.h">
      <Filter>GameObjects\Blocks\QuestionBlock</Filter>
    </ClInclude>
    <ClInclude Include="SceneMaganer.h">
      <Filter>Scenes</Filter>
    </ClInclude>
    <ClInclude Include="PlayScence.h">
      <Filter>Scenes\Scenes</Filter>
    </ClInclude>
    <ClInclude Include="WorldMapScene.h">
      <Filter>Scenes\Scenes</Filter>
    </ClInclude>
    <ClInclude Include="MarioFireBall.h">
      <Filter>GameObjects\Player\MarioProjectile</Filter>
    </ClInclude>
    <ClInclude Include="MarioRaccoonTail.h">
      <Filter>GameObjects\Player\MarioProjectile</Filter>
    </ClInclude>
    <ClInclude Include="Bush.h">
      <Filter>GameObjects\WorldMapObj</Filter>
    </ClInclude>
    <ClInclude Include="NodeMap.h">
      <Filter>GameObjects\WorldMapObj</Filter>
    </ClInclude>
    <ClInclude Include="WorldMapMario.h">
      <Filter>GameObjects\WorldMapObj</Filter>
    </ClInclude>
    <ClInclude Include="Node.h">
      <Filter>GameObjects\WorldMapObj</Filter>
    </ClInclude>
    <ClInclude Include="IntroScene.h">
      <Filter>Scenes\Scenes</Filter>
    </ClInclude>
    <ClInclude Include="Curtain.h">
      <Filter>GameObjects\WorldMapObj</Filter>
    </ClInclude>
    <ClInclude Include="RedKoopas.h">
      <Filter>GameObjects\Enemies\Koopas</Filter>
    </ClInclude>
    <ClInclude Include="GreenMushroom.h">
      <Filter>GameObjects\Pickups</Filter>
    </ClInclude>
    <ClInclude Include="Coin.h">
      <Filter>GameObjects\Pickups</Filter>
    </ClInclude>
    <ClInclude Include="RedMushroom.h">
      <Filter>GameObjects\Pickups</Filter>
    </ClInclude>
    <ClInclude Include="Leaf.h">
      <Filter>GameObjects\Pickups</Filter>
    </ClInclude>
    <ClInclude Include="PButton.h">
      <Filter>GameObjects\Pickups</Filter>
    </ClInclude>
    <ClInclude Include="EndGameReward.h">
      <Filter>GameObjects\Pickups</Filter>
    </ClInclude>
    <ClInclude Include="Flower.h">
      <Filter>GameObjects\Pickups</Filter>
    </ClInclude>
    <ClInclude Include="MusicNode.h">
      <Filter>GameObjects\Blocks\MusicNode</Filter>
    </ClInclude>
    <ClInclude Include="RedMusicNode.h">
      <Filter>GameObjects\Blocks\MusicNode</Filter>
    </ClInclude>
    <ClInclude Include="PlayerStateWarpJump.h">
      <Filter>GameObjects\Player\StateMachine\PlayerFSM</Filter>
    </ClInclude>
    <ClInclude Include="PlayerStateEndGame.h">
      <Filter>GameObjects\Player\StateMachine\PlayerFSM</Filter>
    </ClInclude>
    <ClInclude Include="PlayerStateDead.h">
      <Filter>GameObjects\Player\StateMachine\PlayerFSM</Filter>
    </ClInclude>
    <ClInclude Include="ParaGoomba.h">
      <Filter>GameObjects\Enemies\Goomba</Filter>
    </ClInclude>
    <ClInclude Include="FlyKoopas.h">
      <Filter>GameObjects\Enemies\Koopas</Filter>
    </ClInclude>
    <ClInclude Include="Pipe.h">
      <Filter>GameObjects\Blocks\Pipe</Filter>
    </ClInclude>
  </ItemGroup>
</Project>